{
  "originHash" : "1be3348e1dea0c4f34bd07407b5a641dd2e5cddbf9b0744207f94331259ded3b",
  "pins" : [
    {
      "identity" : "todominiapp",
      "kind" : "remoteSourceControl",
      "location" : "https://github.com/AustinXu-Dev/TodoMiniApp.git",
      "state" : {
        "branch" : "main",
        "revision" : "d3dbbfd9d2440077fc96bfe07048d691bca847dd"
      }
    }
  ],
  "version" : 3
}
